# THIS IS AN AUTOGENERATED FILE. DO NOT EDIT THIS FILE DIRECTLY.
# yarn lockfile v1


"@lhncbc/ucum-lhc@^4.1.3":
  version "4.1.4"
  resolved "https://registry.npmjs.org/@lhncbc/ucum-lhc/-/ucum-lhc-4.1.4.tgz"
  integrity sha512-ErlXJv6lrerZbthxc33SWTKrZv4KjMIaCN2lNxsNrGZW4PqyVFEKDie6lok//SvC6QeEoAC1mWN8xD87r72qPQ==
  dependencies:
    csv-parse "^4.4.6"
    csv-stringify "^1.0.4"
    escape-html "^1.0.3"
    is-integer "^1.0.6"
    jsonfile "^2.2.3"
    stream "0.0.2"
    stream-transform "^0.1.1"
    string-to-stream "^1.1.0"
    xmldoc "^0.4.0"

antlr4@~4.9.3:
  version "4.9.3"
  resolved "https://registry.npmjs.org/antlr4/-/antlr4-4.9.3.tgz"
  integrity sha512-qNy2odgsa0skmNMCuxzXhM4M8J1YDaPv3TI+vCdnOAanu0N982wBrSqziDKRDctEZLZy9VffqIZXc0UGjjSP/g==

argparse@^1.0.7:
  version "1.0.10"
  resolved "https://registry.npmjs.org/argparse/-/argparse-1.0.10.tgz"
  integrity sha512-o5Roy6tNG4SL/FOkCAN6RzjiakZS25RLYFrcMttJqbdd8BWrnA+fGz57iN5Pb06pvBGvl5gQ0B48dJlslXvoTg==
  dependencies:
    sprintf-js "~1.0.2"

commander@^2.18.0:
  version "2.20.3"
  resolved "https://registry.npmjs.org/commander/-/commander-2.20.3.tgz"
  integrity sha512-GpVkmM8vF2vQUkj2LvZmD35JxeJOLCwJ9cUkugyk2nuhbv3+mJvpLYYt+0+USMxE+oj+ey/lJEnhZw75x/OMcQ==

core-util-is@~1.0.0:
  version "1.0.3"
  resolved "https://registry.npmjs.org/core-util-is/-/core-util-is-1.0.3.tgz"
  integrity sha512-ZQBvi1DcpJ4GDqanjucZ2Hj3wEO5pZDS89BWbkcrvdxksJorwUDDZamX9ldFkp9aw2lmBDLgkObEA4DWNJ9FYQ==

csv-parse@^4.4.6:
  version "4.16.3"
  resolved "https://registry.npmjs.org/csv-parse/-/csv-parse-4.16.3.tgz"
  integrity sha512-cO1I/zmz4w2dcKHVvpCr7JVRu8/FymG5OEpmvsZYlccYolPBLoVGKUHgNoc4ZGkFeFlWGEDmMyBM+TTqRdW/wg==

csv-stringify@^1.0.4:
  version "1.1.2"
  resolved "https://registry.npmjs.org/csv-stringify/-/csv-stringify-1.1.2.tgz"
  integrity sha1-d6QVJlgbzjOA8SsA18W7rHDIK1g=
  dependencies:
    lodash.get "~4.4.2"

date-fns@^1.30.1:
  version "1.30.1"
  resolved "https://registry.npmjs.org/date-fns/-/date-fns-1.30.1.tgz"
  integrity sha512-hBSVCvSmWC+QypYObzwGOd9wqdDpOt+0wl0KbU+R+uuZBS1jN8VsD1ss3irQDknRj5NvxiTF6oj/nDRnN/UQNw==

emitter-component@^1.1.1:
  version "1.1.1"
  resolved "https://registry.npmjs.org/emitter-component/-/emitter-component-1.1.1.tgz"
  integrity sha1-Bl4tvtaVm/RwZ57avq95gdEAOrY=

escape-html@^1.0.3:
  version "1.0.3"
  resolved "https://registry.npmjs.org/escape-html/-/escape-html-1.0.3.tgz"
  integrity sha1-Aljq5NPQwJdN4cFpGI7wBR0dGYg=

esprima@^4.0.0:
  version "4.0.1"
  resolved "https://registry.npmjs.org/esprima/-/esprima-4.0.1.tgz"
  integrity sha512-eGuFFw7Upda+g4p+QHvnW0RyTX/SVeJBDM/gCtMARO0cLuT2HcEKnTPvhjV6aGeqrCB/sbNop0Kszm0jsaWU4A==

fhirpath@^2.14.7:
  version "2.14.7"
  resolved "https://registry.npmjs.org/fhirpath/-/fhirpath-2.14.7.tgz"
  integrity sha512-Gzf5hitjIqMGbUDDxAtZSJxoiDbPRTcuu2XR9uBWObFzuWSWbjgmN/mfoP18AbYEuKOK682VzWMB7wCT92augg==
  dependencies:
    "@lhncbc/ucum-lhc" "^4.1.3"
    antlr4 "~4.9.3"
    commander "^2.18.0"
    date-fns "^1.30.1"
    js-yaml "^3.13.1"

graceful-fs@^4.1.6:
  version "4.2.9"
  resolved "https://registry.npmjs.org/graceful-fs/-/graceful-fs-4.2.9.tgz"
  integrity sha512-NtNxqUcXgpW2iMrfqSfR73Glt39K+BLwWsPs94yR63v45T0Wbej7eRmL5cWfwEgqXnmjQp3zaJTshdRW/qC2ZQ==

inherits@^2.0.1, inherits@~2.0.3:
  version "2.0.4"
  resolved "https://registry.npmjs.org/inherits/-/inherits-2.0.4.tgz"
  integrity sha512-k/vGaX4/Yla3WzyMCvTQOXYeIHvqOKtnqBduzTHpzpQZzAskKMhZ2K+EnBiSM9zGSoIFeMpXKxa4dYeZIQqewQ==

is-finite@^1.0.0:
  version "1.1.0"
  resolved "https://registry.npmjs.org/is-finite/-/is-finite-1.1.0.tgz"
  integrity sha512-cdyMtqX/BOqqNBBiKlIVkytNHm49MtMlYyn1zxzvJKWmFMlGzm+ry5BBfYyeY9YmNKbRSo/o7OX9w9ale0wg3w==

is-integer@^1.0.6:
  version "1.0.7"
  resolved "https://registry.npmjs.org/is-integer/-/is-integer-1.0.7.tgz"
  integrity sha1-a96Bqs3feLZZtmKdYpytxRqIbVw=
  dependencies:
    is-finite "^1.0.0"

isarray@~1.0.0:
  version "1.0.0"
  resolved "https://registry.npmjs.org/isarray/-/isarray-1.0.0.tgz"
  integrity sha1-u5NdSFgsuhaMBoNJV6VKPgcSTxE=

js-yaml@^3.13.1:
  version "3.14.1"
  resolved "https://registry.npmjs.org/js-yaml/-/js-yaml-3.14.1.tgz"
  integrity sha512-okMH7OXXJ7YrN9Ok3/SXrnu4iX9yOk+25nqX4imS2npuvTYDmo/QEZoqwZkYaIDk3jVvBOTOIEgEhaLOynBS9g==
  dependencies:
    argparse "^1.0.7"
    esprima "^4.0.0"

jsonfile@^2.2.3:
  version "2.4.0"
  resolved "https://registry.npmjs.org/jsonfile/-/jsonfile-2.4.0.tgz"
  integrity sha1-NzaitCi4e72gzIO1P6PWM6NcKug=
  optionalDependencies:
    graceful-fs "^4.1.6"

lodash.get@~4.4.2:
  version "4.4.2"
  resolved "https://registry.npmjs.org/lodash.get/-/lodash.get-4.4.2.tgz"
  integrity sha1-LRd/ZS+jHpObRDjVNBSZ36OCXpk=

process-nextick-args@~2.0.0:
  version "2.0.1"
  resolved "https://registry.npmjs.org/process-nextick-args/-/process-nextick-args-2.0.1.tgz"
  integrity sha512-3ouUOpQhtgrbOa17J7+uxOTpITYWaGP7/AhoR3+A+/1e9skrzelGi/dXzEYyvbxubEF6Wn2ypscTKiKJFFn1ag==

readable-stream@^2.1.0:
  version "2.3.7"
  resolved "https://registry.npmjs.org/readable-stream/-/readable-stream-2.3.7.tgz"
  integrity sha512-Ebho8K4jIbHAxnuxi7o42OrZgF/ZTNcsZj6nRKyUmkhLFq8CHItp/fy6hQZuZmP/n3yZ9VBUbp4zz/mX8hmYPw==
  dependencies:
    core-util-is "~1.0.0"
    inherits "~2.0.3"
    isarray "~1.0.0"
    process-nextick-args "~2.0.0"
    safe-buffer "~5.1.1"
    string_decoder "~1.1.1"
    util-deprecate "~1.0.1"

safe-buffer@~5.1.0, safe-buffer@~5.1.1:
  version "5.1.2"
  resolved "https://registry.npmjs.org/safe-buffer/-/safe-buffer-5.1.2.tgz"
  integrity sha512-Gd2UZBJDkXlY7GbJxfsE8/nvKkUEU1G38c1siN6QP6a9PT9MmHB8GnpscSmMJSoF8LOIrt8ud/wPtojys4G6+g==

sax@~1.1.1:
  version "1.1.6"
  resolved "https://registry.npmjs.org/sax/-/sax-1.1.6.tgz"
  integrity sha1-XWFr6KXmB9VOEUr65Vt+ry/MMkA=

sprintf-js@~1.0.2:
  version "1.0.3"
  resolved "https://registry.npmjs.org/sprintf-js/-/sprintf-js-1.0.3.tgz"
  integrity sha1-BOaSb2YolTVPPdAVIDYzuFcpfiw=

stream-transform@^0.1.1:
  version "0.1.2"
  resolved "https://registry.npmjs.org/stream-transform/-/stream-transform-0.1.2.tgz"
  integrity sha1-fY5rTgOsR4F3j4x5UXUBv7B2Kp8=

stream@0.0.2:
  version "0.0.2"
  resolved "https://registry.npmjs.org/stream/-/stream-0.0.2.tgz"
  integrity sha1-f1Nj8Ff2WSxVlfALyAon9c7B8O8=
  dependencies:
    emitter-component "^1.1.1"

string_decoder@~1.1.1:
  version "1.1.1"
  resolved "https://registry.npmjs.org/string_decoder/-/string_decoder-1.1.1.tgz"
  integrity sha512-n/ShnvDi6FHbbVfviro+WojiFzv+s8MPMHBczVePfUpDJLwoLT0ht1l4YwBCbi8pJAveEEdnkHyPyTP/mzRfwg==
  dependencies:
    safe-buffer "~5.1.0"

string-to-stream@^1.1.0:
  version "1.1.1"
  resolved "https://registry.npmjs.org/string-to-stream/-/string-to-stream-1.1.1.tgz"
  integrity sha512-QySF2+3Rwq0SdO3s7BAp4x+c3qsClpPQ6abAmb0DGViiSBAkT5kL6JT2iyzEVP+T1SmzHrQD1TwlP9QAHCc+Sw==
  dependencies:
    inherits "^2.0.1"
    readable-stream "^2.1.0"

util-deprecate@~1.0.1:
  version "1.0.2"
  resolved "https://registry.npmjs.org/util-deprecate/-/util-deprecate-1.0.2.tgz"
  integrity sha1-RQ1Nyfpw3nMnYvvS1KKJgUGaDM8=

xmldoc@^0.4.0:
  version "0.4.0"
  resolved "https://registry.npmjs.org/xmldoc/-/xmldoc-0.4.0.tgz"
  integrity sha1-0lciS+g5PqrL+DfvIn/Y7CWzaIg=
  dependencies:
    sax "~1.1.1"
