# THIS IS AN AUTOGENERATED FILE. DO NOT EDIT THIS FILE DIRECTLY.
# yarn lockfile v1


"@lhncbc/ucum-lhc@^4.1.3":
  version "4.1.3"
  resolved "https://registry.yarnpkg.com/@lhncbc/ucum-lhc/-/ucum-lhc-4.1.3.tgz#cc76e277753cfc5e30497ef6e76c9d75df4702ba"
  integrity sha512-F49BJBDr5lE+AkbyJVRE4b/cog3mP5xK+SlxSyztUk2Wzak5bX5vydQhdCmyRZupgtDQlFAvEr7TmIuUmNHH8g==
  dependencies:
    csv-parse "^4.4.6"
    csv-stringify "^1.0.4"
    escape-html "^1.0.3"
    grunt-extract-sourcemap "^0.1.19"
    is-integer "^1.0.6"
    jsonfile "^2.2.3"
    stream "0.0.2"
    stream-transform "^0.1.1"
    string-to-stream "^1.1.0"
    xmldoc "^0.4.0"

antlr4@^4.7.1:
  version "4.8.0"
  resolved "https://registry.yarnpkg.com/antlr4/-/antlr4-4.8.0.tgz#f938ec171be7fc2855cd3a533e87647185b32b6a"
  integrity sha512-en/MxQ4OkPgGJQ3wD/muzj1uDnFSzdFIhc2+c6bHZokWkuBb6RRvFjpWhPxWLbgQvaEzldJZ0GSQpfSAaE3hqg==

argparse@^1.0.7:
  version "1.0.10"
  resolved "https://registry.yarnpkg.com/argparse/-/argparse-1.0.10.tgz#bcd6791ea5ae09725e17e5ad988134cd40b3d911"
  integrity sha512-o5Roy6tNG4SL/FOkCAN6RzjiakZS25RLYFrcMttJqbdd8BWrnA+fGz57iN5Pb06pvBGvl5gQ0B48dJlslXvoTg==
  dependencies:
    sprintf-js "~1.0.2"

coffee-script@~1.10.0:
  version "1.10.0"
  resolved "https://registry.yarnpkg.com/coffee-script/-/coffee-script-1.10.0.tgz#12938bcf9be1948fa006f92e0c4c9e81705108c0"
  integrity sha1-EpOLz5vhlI+gBvkuDEyegXBRCMA=

commander@^2.18.0:
  version "2.20.3"
  resolved "https://registry.yarnpkg.com/commander/-/commander-2.20.3.tgz#fd485e84c03eb4881c20722ba48035e8531aeb33"
  integrity sha512-GpVkmM8vF2vQUkj2LvZmD35JxeJOLCwJ9cUkugyk2nuhbv3+mJvpLYYt+0+USMxE+oj+ey/lJEnhZw75x/OMcQ==

core-util-is@~1.0.0:
  version "1.0.2"
  resolved "https://registry.yarnpkg.com/core-util-is/-/core-util-is-1.0.2.tgz#b5fd54220aa2bc5ab57aab7140c940754503c1a7"
  integrity sha1-tf1UIgqivFq1eqtxQMlAdUUDwac=

csv-parse@^4.4.6:
  version "4.12.0"
  resolved "https://registry.yarnpkg.com/csv-parse/-/csv-parse-4.12.0.tgz#fd42d6291bbaadd51d3009f6cadbb3e53b4ce026"
  integrity sha512-wPQl3H79vWLPI8cgKFcQXl0NBgYYEqVnT1i6/So7OjMpsI540oD7p93r3w6fDSyPvwkTepG05F69/7AViX2lXg==

csv-stringify@^1.0.4:
  version "1.1.2"
  resolved "https://registry.yarnpkg.com/csv-stringify/-/csv-stringify-1.1.2.tgz#77a41526581bce3380f12b00d7c5bbac70c82b58"
  integrity sha1-d6QVJlgbzjOA8SsA18W7rHDIK1g=
  dependencies:
    lodash.get "~4.4.2"

date-fns@^1.30.1:
  version "1.30.1"
  resolved "https://registry.yarnpkg.com/date-fns/-/date-fns-1.30.1.tgz#2e71bf0b119153dbb4cc4e88d9ea5acfb50dc05c"
  integrity sha512-hBSVCvSmWC+QypYObzwGOd9wqdDpOt+0wl0KbU+R+uuZBS1jN8VsD1ss3irQDknRj5NvxiTF6oj/nDRnN/UQNw==

emitter-component@^1.1.1:
  version "1.1.1"
  resolved "https://registry.yarnpkg.com/emitter-component/-/emitter-component-1.1.1.tgz#065e2dbed6959bf470679edabeaf7981d1003ab6"
  integrity sha1-Bl4tvtaVm/RwZ57avq95gdEAOrY=

escape-html@^1.0.3:
  version "1.0.3"
  resolved "https://registry.yarnpkg.com/escape-html/-/escape-html-1.0.3.tgz#0258eae4d3d0c0974de1c169188ef0051d1d1988"
  integrity sha1-Aljq5NPQwJdN4cFpGI7wBR0dGYg=

esprima@^4.0.0:
  version "4.0.1"
  resolved "https://registry.yarnpkg.com/esprima/-/esprima-4.0.1.tgz#13b04cdb3e6c5d19df91ab6987a8695619b0aa71"
  integrity sha512-eGuFFw7Upda+g4p+QHvnW0RyTX/SVeJBDM/gCtMARO0cLuT2HcEKnTPvhjV6aGeqrCB/sbNop0Kszm0jsaWU4A==

fhirpath@^2.4.0:
  version "2.4.0"
  resolved "https://registry.yarnpkg.com/fhirpath/-/fhirpath-2.4.0.tgz#34a22b6bcdd93afb5f79388b1cce9337c2521e4b"
  integrity sha512-iRg6UYk+tkamRBiOVmXjxjgIfoqtD7GeSk+SCPPiYX7S3vKd79MFuaQAHN8FBLGo//IKDosiOvL0llU1BSwx8Q==
  dependencies:
    "@lhncbc/ucum-lhc" "^4.1.3"
    antlr4 "^4.7.1"
    commander "^2.18.0"
    date-fns "^1.30.1"
    js-yaml "^3.13.1"

graceful-fs@^4.1.6:
  version "4.2.4"
  resolved "https://registry.yarnpkg.com/graceful-fs/-/graceful-fs-4.2.4.tgz#2256bde14d3632958c465ebc96dc467ca07a29fb"
  integrity sha512-WjKPNJF79dtJAVniUlGGWHYGz2jWxT6VhN/4m1NdkbZ2nOsEF+cI1Edgql5zCRhs/VsQYRvrXctxktVXZUkixw==

grunt-extract-sourcemap@^0.1.19:
  version "0.1.19"
  resolved "https://registry.yarnpkg.com/grunt-extract-sourcemap/-/grunt-extract-sourcemap-0.1.19.tgz#bd4630125d56875c7cb3b70003ca30137245a692"
  integrity sha1-vUYwEl1Wh1x8s7cAA8owE3JFppI=
  dependencies:
    coffee-script "~1.10.0"
    lazy.js "~0.4.2"

inherits@^2.0.1, inherits@~2.0.3:
  version "2.0.4"
  resolved "https://registry.yarnpkg.com/inherits/-/inherits-2.0.4.tgz#0fa2c64f932917c3433a0ded55363aae37416b7c"
  integrity sha512-k/vGaX4/Yla3WzyMCvTQOXYeIHvqOKtnqBduzTHpzpQZzAskKMhZ2K+EnBiSM9zGSoIFeMpXKxa4dYeZIQqewQ==

is-finite@^1.0.0:
  version "1.1.0"
  resolved "https://registry.yarnpkg.com/is-finite/-/is-finite-1.1.0.tgz#904135c77fb42c0641d6aa1bcdbc4daa8da082f3"
  integrity sha512-cdyMtqX/BOqqNBBiKlIVkytNHm49MtMlYyn1zxzvJKWmFMlGzm+ry5BBfYyeY9YmNKbRSo/o7OX9w9ale0wg3w==

is-integer@^1.0.6:
  version "1.0.7"
  resolved "https://registry.yarnpkg.com/is-integer/-/is-integer-1.0.7.tgz#6bde81aacddf78b659b6629d629cadc51a886d5c"
  integrity sha1-a96Bqs3feLZZtmKdYpytxRqIbVw=
  dependencies:
    is-finite "^1.0.0"

isarray@~1.0.0:
  version "1.0.0"
  resolved "https://registry.yarnpkg.com/isarray/-/isarray-1.0.0.tgz#bb935d48582cba168c06834957a54a3e07124f11"
  integrity sha1-u5NdSFgsuhaMBoNJV6VKPgcSTxE=

js-yaml@^3.13.1:
  version "3.14.0"
  resolved "https://registry.yarnpkg.com/js-yaml/-/js-yaml-3.14.0.tgz#a7a34170f26a21bb162424d8adacb4113a69e482"
  integrity sha512-/4IbIeHcD9VMHFqDR/gQ7EdZdLimOvW2DdcxFjdyyZ9NsbS+ccrXqVWDtab/lRl5AlUqmpBx8EhPaWR+OtY17A==
  dependencies:
    argparse "^1.0.7"
    esprima "^4.0.0"

jsonfile@^2.2.3:
  version "2.4.0"
  resolved "https://registry.yarnpkg.com/jsonfile/-/jsonfile-2.4.0.tgz#3736a2b428b87bbda0cc83b53fa3d633a35c2ae8"
  integrity sha1-NzaitCi4e72gzIO1P6PWM6NcKug=
  optionalDependencies:
    graceful-fs "^4.1.6"

lazy.js@~0.4.2:
  version "0.4.3"
  resolved "https://registry.yarnpkg.com/lazy.js/-/lazy.js-0.4.3.tgz#87f67a07ad36555121e4fff1520df31be66786d8"
  integrity sha1-h/Z6B602VVEh5P/xUg3zG+Znhtg=

lodash.get@~4.4.2:
  version "4.4.2"
  resolved "https://registry.yarnpkg.com/lodash.get/-/lodash.get-4.4.2.tgz#2d177f652fa31e939b4438d5341499dfa3825e99"
  integrity sha1-LRd/ZS+jHpObRDjVNBSZ36OCXpk=

process-nextick-args@~2.0.0:
  version "2.0.1"
  resolved "https://registry.yarnpkg.com/process-nextick-args/-/process-nextick-args-2.0.1.tgz#7820d9b16120cc55ca9ae7792680ae7dba6d7fe2"
  integrity sha512-3ouUOpQhtgrbOa17J7+uxOTpITYWaGP7/AhoR3+A+/1e9skrzelGi/dXzEYyvbxubEF6Wn2ypscTKiKJFFn1ag==

readable-stream@^2.1.0:
  version "2.3.7"
  resolved "https://registry.yarnpkg.com/readable-stream/-/readable-stream-2.3.7.tgz#1eca1cf711aef814c04f62252a36a62f6cb23b57"
  integrity sha512-Ebho8K4jIbHAxnuxi7o42OrZgF/ZTNcsZj6nRKyUmkhLFq8CHItp/fy6hQZuZmP/n3yZ9VBUbp4zz/mX8hmYPw==
  dependencies:
    core-util-is "~1.0.0"
    inherits "~2.0.3"
    isarray "~1.0.0"
    process-nextick-args "~2.0.0"
    safe-buffer "~5.1.1"
    string_decoder "~1.1.1"
    util-deprecate "~1.0.1"

safe-buffer@~5.1.0, safe-buffer@~5.1.1:
  version "5.1.2"
  resolved "https://registry.yarnpkg.com/safe-buffer/-/safe-buffer-5.1.2.tgz#991ec69d296e0313747d59bdfd2b745c35f8828d"
  integrity sha512-Gd2UZBJDkXlY7GbJxfsE8/nvKkUEU1G38c1siN6QP6a9PT9MmHB8GnpscSmMJSoF8LOIrt8ud/wPtojys4G6+g==

sax@~1.1.1:
  version "1.1.6"
  resolved "https://registry.yarnpkg.com/sax/-/sax-1.1.6.tgz#5d616be8a5e607d54e114afae55b7eaf2fcc3240"
  integrity sha1-XWFr6KXmB9VOEUr65Vt+ry/MMkA=

sprintf-js@~1.0.2:
  version "1.0.3"
  resolved "https://registry.yarnpkg.com/sprintf-js/-/sprintf-js-1.0.3.tgz#04e6926f662895354f3dd015203633b857297e2c"
  integrity sha1-BOaSb2YolTVPPdAVIDYzuFcpfiw=

stream-transform@^0.1.1:
  version "0.1.2"
  resolved "https://registry.yarnpkg.com/stream-transform/-/stream-transform-0.1.2.tgz#7d8e6b4e03ac4781778f8c79517501bfb0762a9f"
  integrity sha1-fY5rTgOsR4F3j4x5UXUBv7B2Kp8=

stream@0.0.2:
  version "0.0.2"
  resolved "https://registry.yarnpkg.com/stream/-/stream-0.0.2.tgz#7f5363f057f6592c5595f00bc80a27f5cec1f0ef"
  integrity sha1-f1Nj8Ff2WSxVlfALyAon9c7B8O8=
  dependencies:
    emitter-component "^1.1.1"

string-to-stream@^1.1.0:
  version "1.1.1"
  resolved "https://registry.yarnpkg.com/string-to-stream/-/string-to-stream-1.1.1.tgz#aba78f73e70661b130ee3e1c0192be4fef6cb599"
  integrity sha512-QySF2+3Rwq0SdO3s7BAp4x+c3qsClpPQ6abAmb0DGViiSBAkT5kL6JT2iyzEVP+T1SmzHrQD1TwlP9QAHCc+Sw==
  dependencies:
    inherits "^2.0.1"
    readable-stream "^2.1.0"

string_decoder@~1.1.1:
  version "1.1.1"
  resolved "https://registry.yarnpkg.com/string_decoder/-/string_decoder-1.1.1.tgz#9cf1611ba62685d7030ae9e4ba34149c3af03fc8"
  integrity sha512-n/ShnvDi6FHbbVfviro+WojiFzv+s8MPMHBczVePfUpDJLwoLT0ht1l4YwBCbi8pJAveEEdnkHyPyTP/mzRfwg==
  dependencies:
    safe-buffer "~5.1.0"

util-deprecate@~1.0.1:
  version "1.0.2"
  resolved "https://registry.yarnpkg.com/util-deprecate/-/util-deprecate-1.0.2.tgz#450d4dc9fa70de732762fbd2d4a28981419a0ccf"
  integrity sha1-RQ1Nyfpw3nMnYvvS1KKJgUGaDM8=

xmldoc@^0.4.0:
  version "0.4.0"
  resolved "https://registry.yarnpkg.com/xmldoc/-/xmldoc-0.4.0.tgz#d257224be8393eaacbf837ef227fd8ec25b36888"
  integrity sha1-0lciS+g5PqrL+DfvIn/Y7CWzaIg=
  dependencies:
    sax "~1.1.1"
